
Microsoft Visual Studio Solution File, Format Version 12.00
# Visual Studio Version 16
VisualStudioVersion = 16.0.30413.136
MinimumVisualStudioVersion = 10.0.40219.1
Project("{FAE04EC0-301F-11D3-BF4B-00C04F79EFBC}") = "BrainTrain", "BrainTrain.csproj", "{4299BB73-74AD-47CD-A105-C0D3697FC496}"
EndProject
Global
	GlobalSection(SolutionConfigurationPlatforms) = preSolution
		Debug|Any CPU = Debug|Any CPU
		Release|Any CPU = Release|Any CPU
	EndGlobalSection
	GlobalSection(ProjectConfigurationPlatforms) = postSolution
		{4299BB73-74AD-47CD-A105-C0D3697FC496}.Debug|Any CPU.ActiveCfg = Debug|Any CPU
		{4299BB73-74AD-47CD-A105-C0D3697FC496}.Debug|Any CPU.Build.0 = Debug|Any CPU
		{4299BB73-74AD-47CD-A105-C0D3697FC496}.Release|Any CPU.ActiveCfg = Release|Any CPU
		{4299BB73-74AD-47CD-A105-C0D3697FC496}.Release|Any CPU.Build.0 = Release|Any CPU
	EndGlobalSection
	GlobalSection(SolutionProperties) = preSolution
		HideSolutionNode = FALSE
	EndGlobalSection
	GlobalSection(ExtensibilityGlobals) = postSolution
		SolutionGuid = {FB5E89CB-33B5-41A9-8013-E20D2C899519}
	EndGlobalSection
EndGlobal
